
Microsoft Visual Studio Solution File, Format Version 12.00
# Visual Studio 2013
VisualStudioVersion = 12.0.21005.1
MinimumVisualStudioVersion = 10.0.40219.1
Project("{FAE04EC0-301F-11D3-BF4B-00C04F79EFBC}") = "Tiich", "Tiich\Tiich.csproj", "{33A3CE11-AE87-4BEA-896E-9F4D3CA97310}"
	ProjectSection(ProjectDependencies) = postProject
		{C87F0380-79F0-4131-B7D7-973C2A33778D} = {C87F0380-79F0-4131-B7D7-973C2A33778D}
	EndProjectSection
EndProject
Project("{FAE04EC0-301F-11D3-BF4B-00C04F79EFBC}") = "TiichDAL", "TiichDAL\TiichDAL.csproj", "{717216BD-9925-4BA6-9A95-780F16F79935}"
EndProject
Project("{FAE04EC0-301F-11D3-BF4B-00C04F79EFBC}") = "TiichRepository", "TiichRepository\TiichRepository.csproj", "{C87F0380-79F0-4131-B7D7-973C2A33778D}"
EndProject
Project("{FAE04EC0-301F-11D3-BF4B-00C04F79EFBC}") = "TiichService", "TiichService\TiichService.csproj", "{4A20AF13-A5E1-4BE9-B2CB-B2F81B8764ED}"
EndProject
Project("{FAE04EC0-301F-11D3-BF4B-00C04F79EFBC}") = "Utils", "Utils\Utils.csproj", "{6593FA8C-D1D7-4BD0-9BAD-BEA0399FF000}"
EndProject
Project("{FAE04EC0-301F-11D3-BF4B-00C04F79EFBC}") = "ApiController", "ApiController\ApiController.csproj", "{5FFD685B-0F6D-479D-9256-6E5EED1A8055}"
EndProject
Project("{2150E333-8FDC-42A3-9474-1A3956D46DE8}") = ".nuget", ".nuget", "{0DD7F094-F8DA-42E6-B145-DCB20F5F2A84}"
	ProjectSection(SolutionItems) = preProject
		.nuget\NuGet.Config = .nuget\NuGet.Config
		.nuget\NuGet.exe = .nuget\NuGet.exe
		.nuget\NuGet.targets = .nuget\NuGet.targets
	EndProjectSection
EndProject
Project("{FAE04EC0-301F-11D3-BF4B-00C04F79EFBC}") = "CodedUITestProject1", "CodedUITestProject1\CodedUITestProject1.csproj", "{3B92D6C5-06CB-4475-9DB8-B393271A0FA4}"
EndProject
Project("{FAE04EC0-301F-11D3-BF4B-00C04F79EFBC}") = "Enums", "Enums\Enums.csproj", "{46C6E2F0-4EDB-4CC2-BCE7-E9078511D25D}"
EndProject
Global
	GlobalSection(SolutionConfigurationPlatforms) = preSolution
		Debug|Any CPU = Debug|Any CPU
		Release|Any CPU = Release|Any CPU
	EndGlobalSection
	GlobalSection(ProjectConfigurationPlatforms) = postSolution
		{33A3CE11-AE87-4BEA-896E-9F4D3CA97310}.Debug|Any CPU.ActiveCfg = Debug|Any CPU
		{33A3CE11-AE87-4BEA-896E-9F4D3CA97310}.Debug|Any CPU.Build.0 = Debug|Any CPU
		{33A3CE11-AE87-4BEA-896E-9F4D3CA97310}.Release|Any CPU.ActiveCfg = Release|Any CPU
		{33A3CE11-AE87-4BEA-896E-9F4D3CA97310}.Release|Any CPU.Build.0 = Release|Any CPU
		{717216BD-9925-4BA6-9A95-780F16F79935}.Debug|Any CPU.ActiveCfg = Debug|Any CPU
		{717216BD-9925-4BA6-9A95-780F16F79935}.Debug|Any CPU.Build.0 = Debug|Any CPU
		{717216BD-9925-4BA6-9A95-780F16F79935}.Release|Any CPU.ActiveCfg = Release|Any CPU
		{717216BD-9925-4BA6-9A95-780F16F79935}.Release|Any CPU.Build.0 = Release|Any CPU
		{C87F0380-79F0-4131-B7D7-973C2A33778D}.Debug|Any CPU.ActiveCfg = Debug|Any CPU
		{C87F0380-79F0-4131-B7D7-973C2A33778D}.Debug|Any CPU.Build.0 = Debug|Any CPU
		{C87F0380-79F0-4131-B7D7-973C2A33778D}.Release|Any CPU.ActiveCfg = Release|Any CPU
		{C87F0380-79F0-4131-B7D7-973C2A33778D}.Release|Any CPU.Build.0 = Release|Any CPU
		{4A20AF13-A5E1-4BE9-B2CB-B2F81B8764ED}.Debug|Any CPU.ActiveCfg = Debug|Any CPU
		{4A20AF13-A5E1-4BE9-B2CB-B2F81B8764ED}.Debug|Any CPU.Build.0 = Debug|Any CPU
		{4A20AF13-A5E1-4BE9-B2CB-B2F81B8764ED}.Release|Any CPU.ActiveCfg = Release|Any CPU
		{4A20AF13-A5E1-4BE9-B2CB-B2F81B8764ED}.Release|Any CPU.Build.0 = Release|Any CPU
		{6593FA8C-D1D7-4BD0-9BAD-BEA0399FF000}.Debug|Any CPU.ActiveCfg = Debug|Any CPU
		{6593FA8C-D1D7-4BD0-9BAD-BEA0399FF000}.Debug|Any CPU.Build.0 = Debug|Any CPU
		{6593FA8C-D1D7-4BD0-9BAD-BEA0399FF000}.Release|Any CPU.ActiveCfg = Release|Any CPU
		{6593FA8C-D1D7-4BD0-9BAD-BEA0399FF000}.Release|Any CPU.Build.0 = Release|Any CPU
		{5FFD685B-0F6D-479D-9256-6E5EED1A8055}.Debug|Any CPU.ActiveCfg = Debug|Any CPU
		{5FFD685B-0F6D-479D-9256-6E5EED1A8055}.Debug|Any CPU.Build.0 = Debug|Any CPU
		{5FFD685B-0F6D-479D-9256-6E5EED1A8055}.Release|Any CPU.ActiveCfg = Release|Any CPU
		{5FFD685B-0F6D-479D-9256-6E5EED1A8055}.Release|Any CPU.Build.0 = Release|Any CPU
		{3B92D6C5-06CB-4475-9DB8-B393271A0FA4}.Debug|Any CPU.ActiveCfg = Debug|Any CPU
		{3B92D6C5-06CB-4475-9DB8-B393271A0FA4}.Debug|Any CPU.Build.0 = Debug|Any CPU
		{3B92D6C5-06CB-4475-9DB8-B393271A0FA4}.Release|Any CPU.ActiveCfg = Release|Any CPU
		{3B92D6C5-06CB-4475-9DB8-B393271A0FA4}.Release|Any CPU.Build.0 = Release|Any CPU
		{46C6E2F0-4EDB-4CC2-BCE7-E9078511D25D}.Debug|Any CPU.ActiveCfg = Debug|Any CPU
		{46C6E2F0-4EDB-4CC2-BCE7-E9078511D25D}.Debug|Any CPU.Build.0 = Debug|Any CPU
		{46C6E2F0-4EDB-4CC2-BCE7-E9078511D25D}.Release|Any CPU.ActiveCfg = Release|Any CPU
		{46C6E2F0-4EDB-4CC2-BCE7-E9078511D25D}.Release|Any CPU.Build.0 = Release|Any CPU
	EndGlobalSection
	GlobalSection(SolutionProperties) = preSolution
		HideSolutionNode = FALSE
	EndGlobalSection
EndGlobal
