
Microsoft Visual Studio Solution File, Format Version 12.00
# Visual Studio 2013
VisualStudioVersion = 12.0.21005.1
MinimumVisualStudioVersion = 10.0.40219.1
Project("{FAE04EC0-301F-11D3-BF4B-00C04F79EFBC}") = "Tiich", "Tiich\Tiich.csproj", "{33A3CE11-AE87-4BEA-896E-9F4D3CA97310}"
EndProject
Project("{FAE04EC0-301F-11D3-BF4B-00C04F79EFBC}") = "TiichDAL", "TiichDAL\TiichDAL.csproj", "{717216BD-9925-4BA6-9A95-780F16F79935}"
EndProject
Project("{FAE04EC0-301F-11D3-BF4B-00C04F79EFBC}") = "TiichRepository", "TiichRepository\TiichRepository.csproj", "{C87F0380-79F0-4131-B7D7-973C2A33778D}"
EndProject
Project("{FAE04EC0-301F-11D3-BF4B-00C04F79EFBC}") = "TiichService", "TiichService\TiichService.csproj", "{4A20AF13-A5E1-4BE9-B2CB-B2F81B8764ED}"
EndProject
Project("{FAE04EC0-301F-11D3-BF4B-00C04F79EFBC}") = "Utils", "Utils\Utils.csproj", "{6593FA8C-D1D7-4BD0-9BAD-BEA0399FF000}"
EndProject
Global
	GlobalSection(SolutionConfigurationPlatforms) = preSolution
		Debug|Any CPU = Debug|Any CPU
		Release|Any CPU = Release|Any CPU
	EndGlobalSection
	GlobalSection(ProjectConfigurationPlatforms) = postSolution
		{33A3CE11-AE87-4BEA-896E-9F4D3CA97310}.Debug|Any CPU.ActiveCfg = Debug|Any CPU
		{33A3CE11-AE87-4BEA-896E-9F4D3CA97310}.Debug|Any CPU.Build.0 = Debug|Any CPU
		{33A3CE11-AE87-4BEA-896E-9F4D3CA97310}.Release|Any CPU.ActiveCfg = Release|Any CPU
		{33A3CE11-AE87-4BEA-896E-9F4D3CA97310}.Release|Any CPU.Build.0 = Release|Any CPU
		{717216BD-9925-4BA6-9A95-780F16F79935}.Debug|Any CPU.ActiveCfg = Debug|Any CPU
		{717216BD-9925-4BA6-9A95-780F16F79935}.Debug|Any CPU.Build.0 = Debug|Any CPU
		{717216BD-9925-4BA6-9A95-780F16F79935}.Release|Any CPU.ActiveCfg = Release|Any CPU
		{717216BD-9925-4BA6-9A95-780F16F79935}.Release|Any CPU.Build.0 = Release|Any CPU
		{C87F0380-79F0-4131-B7D7-973C2A33778D}.Debug|Any CPU.ActiveCfg = Debug|Any CPU
		{C87F0380-79F0-4131-B7D7-973C2A33778D}.Debug|Any CPU.Build.0 = Debug|Any CPU
		{C87F0380-79F0-4131-B7D7-973C2A33778D}.Release|Any CPU.ActiveCfg = Release|Any CPU
		{C87F0380-79F0-4131-B7D7-973C2A33778D}.Release|Any CPU.Build.0 = Release|Any CPU
		{4A20AF13-A5E1-4BE9-B2CB-B2F81B8764ED}.Debug|Any CPU.ActiveCfg = Debug|Any CPU
		{4A20AF13-A5E1-4BE9-B2CB-B2F81B8764ED}.Debug|Any CPU.Build.0 = Debug|Any CPU
		{4A20AF13-A5E1-4BE9-B2CB-B2F81B8764ED}.Release|Any CPU.ActiveCfg = Release|Any CPU
		{4A20AF13-A5E1-4BE9-B2CB-B2F81B8764ED}.Release|Any CPU.Build.0 = Release|Any CPU
		{6593FA8C-D1D7-4BD0-9BAD-BEA0399FF000}.Debug|Any CPU.ActiveCfg = Debug|Any CPU
		{6593FA8C-D1D7-4BD0-9BAD-BEA0399FF000}.Debug|Any CPU.Build.0 = Debug|Any CPU
		{6593FA8C-D1D7-4BD0-9BAD-BEA0399FF000}.Release|Any CPU.ActiveCfg = Release|Any CPU
		{6593FA8C-D1D7-4BD0-9BAD-BEA0399FF000}.Release|Any CPU.Build.0 = Release|Any CPU
	EndGlobalSection
	GlobalSection(SolutionProperties) = preSolution
		HideSolutionNode = FALSE
	EndGlobalSection
EndGlobal
